
Microsoft Visual Studio Solution File, Format Version 12.00
# Visual Studio 15
VisualStudioVersion = 15.0.28307.329
MinimumVisualStudioVersion = 10.0.40219.1
Project("{FAE04EC0-301F-11D3-BF4B-00C04F79EFBC}") = "CEI.IfcXBimWexplorer", "CEI.IfcXBimWexplorer\CEI.IfcXBimWexplorer.csproj", "{5FB05089-1547-4007-B0DE-E29608FFEC01}"
EndProject
Global
	GlobalSection(SolutionConfigurationPlatforms) = preSolution
		Debug|Any CPU = Debug|Any CPU
		Release|Any CPU = Release|Any CPU
	EndGlobalSection
	GlobalSection(ProjectConfigurationPlatforms) = postSolution
		{5FB05089-1547-4007-B0DE-E29608FFEC01}.Debug|Any CPU.ActiveCfg = Debug|Any CPU
		{5FB05089-1547-4007-B0DE-E29608FFEC01}.Debug|Any CPU.Build.0 = Debug|Any CPU
		{5FB05089-1547-4007-B0DE-E29608FFEC01}.Release|Any CPU.ActiveCfg = Release|Any CPU
		{5FB05089-1547-4007-B0DE-E29608FFEC01}.Release|Any CPU.Build.0 = Release|Any CPU
	EndGlobalSection
	GlobalSection(SolutionProperties) = preSolution
		HideSolutionNode = FALSE
	EndGlobalSection
	GlobalSection(ExtensibilityGlobals) = postSolution
		SolutionGuid = {E2AF93A6-FBB8-42FA-9915-3436F22C6463}
	EndGlobalSection
EndGlobal
